// !$*UTF8*$!
{
	archiveVersion = 1;
	classes = {
	};
	objectVersion = 50;
	objects = {

/* Begin PBXBuildFile section */
		27392D3A22812CB8005275C0 /* SettingsViewController.swift in Sources */ = {isa = PBXBuildFile; fileRef = 27392D3922812CB8005275C0 /* SettingsViewController.swift */; };
		275799DE2272A818008C2859 /* SurveyResultsViewController.swift in Sources */ = {isa = PBXBuildFile; fileRef = 275799DD2272A818008C2859 /* SurveyResultsViewController.swift */; };
		2787BBEC2279960200AFE68A /* FoodCell.swift in Sources */ = {isa = PBXBuildFile; fileRef = 2787BBEB2279960200AFE68A /* FoodCell.swift */; };
		2792EEA12261B72C00F0AFB1 /* WelcomeViewController.swift in Sources */ = {isa = PBXBuildFile; fileRef = 2792EEA02261B72C00F0AFB1 /* WelcomeViewController.swift */; };
		27995FB622778BFE004A8CB7 /* GradientView.swift in Sources */ = {isa = PBXBuildFile; fileRef = 27995FB522778BFE004A8CB7 /* GradientView.swift */; };
		27995FB822778C0A004A8CB7 /* ShadowButton.swift in Sources */ = {isa = PBXBuildFile; fileRef = 27995FB722778C0A004A8CB7 /* ShadowButton.swift */; };
		27995FBA22778C13004A8CB7 /* ToolbarPiker.swift in Sources */ = {isa = PBXBuildFile; fileRef = 27995FB922778C13004A8CB7 /* ToolbarPiker.swift */; };
		27995FBC22778CB7004A8CB7 /* HomeViewController.swift in Sources */ = {isa = PBXBuildFile; fileRef = 27995FBB22778CB7004A8CB7 /* HomeViewController.swift */; };
		27995FDD22779E95004A8CB7 /* Proxima-Nova_Light.otf in Resources */ = {isa = PBXBuildFile; fileRef = 27995FDC22779E95004A8CB7 /* Proxima-Nova_Light.otf */; };
		27995FDF22779FAC004A8CB7 /* Proxima-Nova-Reg.ttf in Resources */ = {isa = PBXBuildFile; fileRef = 27995FDE22779FAC004A8CB7 /* Proxima-Nova-Reg.ttf */; };
		27995FE22277A1F2004A8CB7 /* timeburnernormal.ttf in Resources */ = {isa = PBXBuildFile; fileRef = 27995FE02277A1F2004A8CB7 /* timeburnernormal.ttf */; };
		27995FE32277A1F2004A8CB7 /* timeburnerbold.ttf in Resources */ = {isa = PBXBuildFile; fileRef = 27995FE12277A1F2004A8CB7 /* timeburnerbold.ttf */; };
		27B90BE32279A18000BE7938 /* MealDetailViewController.swift in Sources */ = {isa = PBXBuildFile; fileRef = 27B90BE22279A18000BE7938 /* MealDetailViewController.swift */; };
		27B90BE52279A76A00BE7938 /* ProfileViewController.swift in Sources */ = {isa = PBXBuildFile; fileRef = 27B90BE42279A76A00BE7938 /* ProfileViewController.swift */; };
		27EDE5C122614193001C8A08 /* Home.storyboard in Resources */ = {isa = PBXBuildFile; fileRef = 27EDE5C022614192001C8A08 /* Home.storyboard */; };
		27EDE5C3226141C1001C8A08 /* Settings.storyboard in Resources */ = {isa = PBXBuildFile; fileRef = 27EDE5C2226141C1001C8A08 /* Settings.storyboard */; };
		27EDE5C5226141FB001C8A08 /* LoginViewController.swift in Sources */ = {isa = PBXBuildFile; fileRef = 27EDE5C4226141FB001C8A08 /* LoginViewController.swift */; };
		27EDE5C722614579001C8A08 /* SignUpViewController.swift in Sources */ = {isa = PBXBuildFile; fileRef = 27EDE5C622614579001C8A08 /* SignUpViewController.swift */; };
		27F5187C2280D4F700EE3697 /* FoodVideo1.mp4 in Resources */ = {isa = PBXBuildFile; fileRef = 27F5187B2280D4F600EE3697 /* FoodVideo1.mp4 */; };
		6B02467F22865BD200F8815C /* AccountSettingsViewController.swift in Sources */ = {isa = PBXBuildFile; fileRef = 6B02467E22865BD200F8815C /* AccountSettingsViewController.swift */; };
		6B04033E228A4FF900F98CFB /* ChangePasswordViewController.swift in Sources */ = {isa = PBXBuildFile; fileRef = 6B04033D228A4FF900F98CFB /* ChangePasswordViewController.swift */; };
		6B07F87D228BD91E007F250B /* ForgotPasswordViewController.swift in Sources */ = {isa = PBXBuildFile; fileRef = 6B07F87C228BD91E007F250B /* ForgotPasswordViewController.swift */; };
		6B0A6CFF2270246100571380 /* GoogleService-Info.plist in Resources */ = {isa = PBXBuildFile; fileRef = 6B0A6CFE2270246100571380 /* GoogleService-Info.plist */; };
		6B0A6D01227044C100571380 /* Survey.storyboard in Resources */ = {isa = PBXBuildFile; fileRef = 6B0A6D00227044C100571380 /* Survey.storyboard */; };
		6B0D488D2273CBFC00AF9254 /* GetUsernameViewController.swift in Sources */ = {isa = PBXBuildFile; fileRef = 6B0D488C2273CBFC00AF9254 /* GetUsernameViewController.swift */; };
		6B0FB35C228DE5D800866CD3 /* WeeklyGoalViewController.swift in Sources */ = {isa = PBXBuildFile; fileRef = 6B0FB35B228DE5D800866CD3 /* WeeklyGoalViewController.swift */; };
		6B0FB35E228DF28500866CD3 /* ActivityLevelViewController.swift in Sources */ = {isa = PBXBuildFile; fileRef = 6B0FB35D228DF28500866CD3 /* ActivityLevelViewController.swift */; };
		6B0FB360228DF43D00866CD3 /* HealthStatsViewController.swift in Sources */ = {isa = PBXBuildFile; fileRef = 6B0FB35F228DF43D00866CD3 /* HealthStatsViewController.swift */; };
		6B15FFB522743CA2003F13E6 /* UIApplication+TopViewController.swift in Sources */ = {isa = PBXBuildFile; fileRef = 6B15FFB422743CA2003F13E6 /* UIApplication+TopViewController.swift */; };
		6B3CBD63227D873F00D0BD30 /* Roboto-Medium.ttf in Resources */ = {isa = PBXBuildFile; fileRef = 6B3CBD62227D873F00D0BD30 /* Roboto-Medium.ttf */; };
		6B426254228ECF2D002BFD99 /* UpdateGoalsViewController.swift in Sources */ = {isa = PBXBuildFile; fileRef = 6B426253228ECF2D002BFD99 /* UpdateGoalsViewController.swift */; };
		6B5DA4EA228E45990005FA4C /* UpdateWeightViewController.swift in Sources */ = {isa = PBXBuildFile; fileRef = 6B5DA4E9228E45990005FA4C /* UpdateWeightViewController.swift */; };
		6B876B8D2267D853007A48AF /* Profile.storyboard in Resources */ = {isa = PBXBuildFile; fileRef = 6B876B8C2267D853007A48AF /* Profile.storyboard */; };
		6BAB136E2260676200C5C5E3 /* AppDelegate.swift in Sources */ = {isa = PBXBuildFile; fileRef = 6BAB136D2260676200C5C5E3 /* AppDelegate.swift */; };
		6BAB13732260676200C5C5E3 /* Main.storyboard in Resources */ = {isa = PBXBuildFile; fileRef = 6BAB13712260676200C5C5E3 /* Main.storyboard */; };
		6BAB13752260676300C5C5E3 /* Assets.xcassets in Resources */ = {isa = PBXBuildFile; fileRef = 6BAB13742260676300C5C5E3 /* Assets.xcassets */; };
		6BAB13782260676300C5C5E3 /* LaunchScreen.storyboard in Resources */ = {isa = PBXBuildFile; fileRef = 6BAB13762260676300C5C5E3 /* LaunchScreen.storyboard */; };
		6BBB5AFB228664EF00B0DF3D /* Proxima-Nova-Semibold.otf in Resources */ = {isa = PBXBuildFile; fileRef = 2787BBEA227991EF00AFE68A /* Proxima-Nova-Semibold.otf */; };
		6BBB5AFF228679B800B0DF3D /* UIViewController+customActivityIndicator.swift in Sources */ = {isa = PBXBuildFile; fileRef = 6BBB5AFE228679B800B0DF3D /* UIViewController+customActivityIndicator.swift */; };
		6BF36B7E228A9DE500E55CC5 /* GetCurrentPasswordPopupViewController.swift in Sources */ = {isa = PBXBuildFile; fileRef = 6BF36B7D228A9DE500E55CC5 /* GetCurrentPasswordPopupViewController.swift */; };
		D7ACEC9FFEFCA779FB8B0B59 /* Pods_Nutriq.framework in Frameworks */ = {isa = PBXBuildFile; fileRef = 7821371823EF85D88EDF66B9 /* Pods_Nutriq.framework */; };
/* End PBXBuildFile section */

/* Begin PBXFileReference section */
		27392D3922812CB8005275C0 /* SettingsViewController.swift */ = {isa = PBXFileReference; lastKnownFileType = sourcecode.swift; path = SettingsViewController.swift; sourceTree = "<group>"; };
		275799DD2272A818008C2859 /* SurveyResultsViewController.swift */ = {isa = PBXFileReference; lastKnownFileType = sourcecode.swift; name = SurveyResultsViewController.swift; path = "Nutriq/ViewControllers/SURVEY-ViewControllers/SurveyResultsViewController.swift"; sourceTree = SOURCE_ROOT; };
		277EC51A22725D31006BB6AB /* Test.appex */ = {isa = PBXFileReference; explicitFileType = "wrapper.app-extension"; includeInIndex = 0; path = Test.appex; sourceTree = BUILT_PRODUCTS_DIR; };
		2787BBEA227991EF00AFE68A /* Proxima-Nova-Semibold.otf */ = {isa = PBXFileReference; lastKnownFileType = file; path = "Proxima-Nova-Semibold.otf"; sourceTree = "<group>"; };
		2787BBEB2279960200AFE68A /* FoodCell.swift */ = {isa = PBXFileReference; lastKnownFileType = sourcecode.swift; path = FoodCell.swift; sourceTree = "<group>"; };
		2792EEA02261B72C00F0AFB1 /* WelcomeViewController.swift */ = {isa = PBXFileReference; lastKnownFileType = sourcecode.swift; name = WelcomeViewController.swift; path = "Nutriq/ViewControllers/MAIN-ViewControllers/WelcomeViewController.swift"; sourceTree = SOURCE_ROOT; };
		27995FB522778BFE004A8CB7 /* GradientView.swift */ = {isa = PBXFileReference; fileEncoding = 4; lastKnownFileType = sourcecode.swift; path = GradientView.swift; sourceTree = "<group>"; };
		27995FB722778C0A004A8CB7 /* ShadowButton.swift */ = {isa = PBXFileReference; fileEncoding = 4; lastKnownFileType = sourcecode.swift; path = ShadowButton.swift; sourceTree = "<group>"; };
		27995FB922778C13004A8CB7 /* ToolbarPiker.swift */ = {isa = PBXFileReference; fileEncoding = 4; lastKnownFileType = sourcecode.swift; path = ToolbarPiker.swift; sourceTree = "<group>"; };
		27995FBB22778CB7004A8CB7 /* HomeViewController.swift */ = {isa = PBXFileReference; fileEncoding = 4; lastKnownFileType = sourcecode.swift; path = HomeViewController.swift; sourceTree = "<group>"; };
		27995FDC22779E95004A8CB7 /* Proxima-Nova_Light.otf */ = {isa = PBXFileReference; lastKnownFileType = file; path = "Proxima-Nova_Light.otf"; sourceTree = "<group>"; };
		27995FDE22779FAC004A8CB7 /* Proxima-Nova-Reg.ttf */ = {isa = PBXFileReference; lastKnownFileType = file; path = "Proxima-Nova-Reg.ttf"; sourceTree = "<group>"; };
		27995FE02277A1F2004A8CB7 /* timeburnernormal.ttf */ = {isa = PBXFileReference; lastKnownFileType = file; path = timeburnernormal.ttf; sourceTree = "<group>"; };
		27995FE12277A1F2004A8CB7 /* timeburnerbold.ttf */ = {isa = PBXFileReference; lastKnownFileType = file; path = timeburnerbold.ttf; sourceTree = "<group>"; };
		27B90BE22279A18000BE7938 /* MealDetailViewController.swift */ = {isa = PBXFileReference; lastKnownFileType = sourcecode.swift; name = MealDetailViewController.swift; path = "Nutriq/ViewControllers/HOME-ViewControllers/MealDetailViewController.swift"; sourceTree = SOURCE_ROOT; };
		27B90BE42279A76A00BE7938 /* ProfileViewController.swift */ = {isa = PBXFileReference; lastKnownFileType = sourcecode.swift; name = ProfileViewController.swift; path = "Nutriq/ViewControllers/HOME-ViewControllers/PROFILE - ViewControllers/ProfileViewController.swift"; sourceTree = SOURCE_ROOT; };
		27EDE5C022614192001C8A08 /* Home.storyboard */ = {isa = PBXFileReference; lastKnownFileType = file.storyboard; path = Home.storyboard; sourceTree = "<group>"; };
		27EDE5C2226141C1001C8A08 /* Settings.storyboard */ = {isa = PBXFileReference; lastKnownFileType = file.storyboard; path = Settings.storyboard; sourceTree = "<group>"; };
		27EDE5C4226141FB001C8A08 /* LoginViewController.swift */ = {isa = PBXFileReference; lastKnownFileType = sourcecode.swift; name = LoginViewController.swift; path = "Nutriq/ViewControllers/MAIN-ViewControllers/LoginViewController.swift"; sourceTree = SOURCE_ROOT; };
		27EDE5C622614579001C8A08 /* SignUpViewController.swift */ = {isa = PBXFileReference; lastKnownFileType = sourcecode.swift; name = SignUpViewController.swift; path = "Nutriq/ViewControllers/MAIN-ViewControllers/SignUpViewController.swift"; sourceTree = SOURCE_ROOT; };
		27F5187B2280D4F600EE3697 /* FoodVideo1.mp4 */ = {isa = PBXFileReference; lastKnownFileType = file; path = FoodVideo1.mp4; sourceTree = "<group>"; };
		466FBC2A3A36CA30F7C591C9 /* Pods-Nutriq.debug.xcconfig */ = {isa = PBXFileReference; includeInIndex = 1; lastKnownFileType = text.xcconfig; name = "Pods-Nutriq.debug.xcconfig"; path = "Target Support Files/Pods-Nutriq/Pods-Nutriq.debug.xcconfig"; sourceTree = "<group>"; };
		50398D06E5DEB649266F17C9 /* Pods-Nutriq.release.xcconfig */ = {isa = PBXFileReference; includeInIndex = 1; lastKnownFileType = text.xcconfig; name = "Pods-Nutriq.release.xcconfig"; path = "Target Support Files/Pods-Nutriq/Pods-Nutriq.release.xcconfig"; sourceTree = "<group>"; };
		6B02467E22865BD200F8815C /* AccountSettingsViewController.swift */ = {isa = PBXFileReference; lastKnownFileType = sourcecode.swift; path = AccountSettingsViewController.swift; sourceTree = "<group>"; };
		6B04033D228A4FF900F98CFB /* ChangePasswordViewController.swift */ = {isa = PBXFileReference; lastKnownFileType = sourcecode.swift; path = ChangePasswordViewController.swift; sourceTree = "<group>"; };
		6B07F87C228BD91E007F250B /* ForgotPasswordViewController.swift */ = {isa = PBXFileReference; lastKnownFileType = sourcecode.swift; path = ForgotPasswordViewController.swift; sourceTree = "<group>"; };
		6B0A6CFE2270246100571380 /* GoogleService-Info.plist */ = {isa = PBXFileReference; fileEncoding = 4; lastKnownFileType = text.plist.xml; path = "GoogleService-Info.plist"; sourceTree = "<group>"; };
		6B0A6D00227044C100571380 /* Survey.storyboard */ = {isa = PBXFileReference; lastKnownFileType = file.storyboard; path = Survey.storyboard; sourceTree = "<group>"; };
		6B0D488C2273CBFC00AF9254 /* GetUsernameViewController.swift */ = {isa = PBXFileReference; lastKnownFileType = sourcecode.swift; path = GetUsernameViewController.swift; sourceTree = "<group>"; };
		6B0FB35B228DE5D800866CD3 /* WeeklyGoalViewController.swift */ = {isa = PBXFileReference; lastKnownFileType = sourcecode.swift; path = WeeklyGoalViewController.swift; sourceTree = "<group>"; };
		6B0FB35D228DF28500866CD3 /* ActivityLevelViewController.swift */ = {isa = PBXFileReference; lastKnownFileType = sourcecode.swift; path = ActivityLevelViewController.swift; sourceTree = "<group>"; };
		6B0FB35F228DF43D00866CD3 /* HealthStatsViewController.swift */ = {isa = PBXFileReference; lastKnownFileType = sourcecode.swift; path = HealthStatsViewController.swift; sourceTree = "<group>"; };
		6B15FFB422743CA2003F13E6 /* UIApplication+TopViewController.swift */ = {isa = PBXFileReference; lastKnownFileType = sourcecode.swift; path = "UIApplication+TopViewController.swift"; sourceTree = "<group>"; };
		6B3CBD62227D873F00D0BD30 /* Roboto-Medium.ttf */ = {isa = PBXFileReference; lastKnownFileType = file; path = "Roboto-Medium.ttf"; sourceTree = "<group>"; };
		6B426253228ECF2D002BFD99 /* UpdateGoalsViewController.swift */ = {isa = PBXFileReference; lastKnownFileType = sourcecode.swift; path = UpdateGoalsViewController.swift; sourceTree = "<group>"; };
		6B5DA4E9228E45990005FA4C /* UpdateWeightViewController.swift */ = {isa = PBXFileReference; lastKnownFileType = sourcecode.swift; path = UpdateWeightViewController.swift; sourceTree = "<group>"; };
		6B876B8C2267D853007A48AF /* Profile.storyboard */ = {isa = PBXFileReference; lastKnownFileType = file.storyboard; path = Profile.storyboard; sourceTree = "<group>"; };
		6BAB136A2260676200C5C5E3 /* Nutriq.app */ = {isa = PBXFileReference; explicitFileType = wrapper.application; includeInIndex = 0; path = Nutriq.app; sourceTree = BUILT_PRODUCTS_DIR; };
		6BAB136D2260676200C5C5E3 /* AppDelegate.swift */ = {isa = PBXFileReference; lastKnownFileType = sourcecode.swift; path = AppDelegate.swift; sourceTree = "<group>"; };
		6BAB13722260676200C5C5E3 /* Base */ = {isa = PBXFileReference; lastKnownFileType = file.storyboard; name = Base; path = Base.lproj/Main.storyboard; sourceTree = "<group>"; };
		6BAB13742260676300C5C5E3 /* Assets.xcassets */ = {isa = PBXFileReference; lastKnownFileType = folder.assetcatalog; path = Assets.xcassets; sourceTree = "<group>"; };
		6BAB13772260676300C5C5E3 /* Base */ = {isa = PBXFileReference; lastKnownFileType = file.storyboard; name = Base; path = Base.lproj/LaunchScreen.storyboard; sourceTree = "<group>"; };
		6BAB13792260676300C5C5E3 /* Info.plist */ = {isa = PBXFileReference; lastKnownFileType = text.plist.xml; path = Info.plist; sourceTree = "<group>"; };
		6BBB5AFE228679B800B0DF3D /* UIViewController+customActivityIndicator.swift */ = {isa = PBXFileReference; lastKnownFileType = sourcecode.swift; path = "UIViewController+customActivityIndicator.swift"; sourceTree = "<group>"; };
		6BF36B7D228A9DE500E55CC5 /* GetCurrentPasswordPopupViewController.swift */ = {isa = PBXFileReference; lastKnownFileType = sourcecode.swift; path = GetCurrentPasswordPopupViewController.swift; sourceTree = "<group>"; };
		7821371823EF85D88EDF66B9 /* Pods_Nutriq.framework */ = {isa = PBXFileReference; explicitFileType = wrapper.framework; includeInIndex = 0; path = Pods_Nutriq.framework; sourceTree = BUILT_PRODUCTS_DIR; };
/* End PBXFileReference section */

/* Begin PBXFrameworksBuildPhase section */
		277EC51722725D31006BB6AB /* Frameworks */ = {
			isa = PBXFrameworksBuildPhase;
			buildActionMask = 2147483647;
			files = (
			);
			runOnlyForDeploymentPostprocessing = 0;
		};
		6BAB13672260676200C5C5E3 /* Frameworks */ = {
			isa = PBXFrameworksBuildPhase;
			buildActionMask = 2147483647;
			files = (
				D7ACEC9FFEFCA779FB8B0B59 /* Pods_Nutriq.framework in Frameworks */,
			);
			runOnlyForDeploymentPostprocessing = 0;
		};
/* End PBXFrameworksBuildPhase section */

/* Begin PBXGroup section */
		2706DC6A2272B21C00F8B9A1 /* MAIN-ViewControllers */ = {
			isa = PBXGroup;
			children = (
				2792EEA02261B72C00F0AFB1 /* WelcomeViewController.swift */,
				27EDE5C622614579001C8A08 /* SignUpViewController.swift */,
				27EDE5C4226141FB001C8A08 /* LoginViewController.swift */,
				6B0D488C2273CBFC00AF9254 /* GetUsernameViewController.swift */,
				6B07F87C228BD91E007F250B /* ForgotPasswordViewController.swift */,
			);
			path = "MAIN-ViewControllers";
			sourceTree = "<group>";
		};
		2706DC6B2272B24500F8B9A1 /* SURVEY-ViewControllers */ = {
			isa = PBXGroup;
			children = (
				6B0FB35F228DF43D00866CD3 /* HealthStatsViewController.swift */,
				6B0FB35D228DF28500866CD3 /* ActivityLevelViewController.swift */,
				6B0FB35B228DE5D800866CD3 /* WeeklyGoalViewController.swift */,
				275799DD2272A818008C2859 /* SurveyResultsViewController.swift */,
			);
			path = "SURVEY-ViewControllers";
			sourceTree = "<group>";
		};
		2706DC6C2272B27600F8B9A1 /* HOME-ViewControllers */ = {
			isa = PBXGroup;
			children = (
				6BD1CFB22293DE810018BDE4 /* PROFILE - ViewControllers */,
				27995FBB22778CB7004A8CB7 /* HomeViewController.swift */,
				27B90BE22279A18000BE7938 /* MealDetailViewController.swift */,
				2787BBEB2279960200AFE68A /* FoodCell.swift */,
			);
			path = "HOME-ViewControllers";
			sourceTree = "<group>";
		};
		2706DC6D2272B2C100F8B9A1 /* Classes */ = {
			isa = PBXGroup;
			children = (
				27995FB522778BFE004A8CB7 /* GradientView.swift */,
				27995FB922778C13004A8CB7 /* ToolbarPiker.swift */,
				27995FB722778C0A004A8CB7 /* ShadowButton.swift */,
			);
			path = Classes;
			sourceTree = "<group>";
		};
		27392D3822812C79005275C0 /* SETTINGS - ViewControllers */ = {
			isa = PBXGroup;
			children = (
				27392D3922812CB8005275C0 /* SettingsViewController.swift */,
				6B04033C228A4FBD00F98CFB /* Account Settings */,
			);
			path = "SETTINGS - ViewControllers";
			sourceTree = "<group>";
		};
		2792EEA32261B80D00F0AFB1 /* Images */ = {
			isa = PBXGroup;
			children = (
				27F5187B2280D4F600EE3697 /* FoodVideo1.mp4 */,
			);
			path = Images;
			sourceTree = "<group>";
		};
		27995FDB22779E70004A8CB7 /* Fonts */ = {
			isa = PBXGroup;
			children = (
				27995FE12277A1F2004A8CB7 /* timeburnerbold.ttf */,
				27995FE02277A1F2004A8CB7 /* timeburnernormal.ttf */,
				27995FDE22779FAC004A8CB7 /* Proxima-Nova-Reg.ttf */,
				27995FDC22779E95004A8CB7 /* Proxima-Nova_Light.otf */,
				6B3CBD62227D873F00D0BD30 /* Roboto-Medium.ttf */,
				2787BBEA227991EF00AFE68A /* Proxima-Nova-Semibold.otf */,
			);
			path = Fonts;
			sourceTree = "<group>";
		};
		6B04033C228A4FBD00F98CFB /* Account Settings */ = {
			isa = PBXGroup;
			children = (
				6B02467E22865BD200F8815C /* AccountSettingsViewController.swift */,
				6BF36B7D228A9DE500E55CC5 /* GetCurrentPasswordPopupViewController.swift */,
				6B04033D228A4FF900F98CFB /* ChangePasswordViewController.swift */,
			);
			path = "Account Settings";
			sourceTree = "<group>";
		};
		6B15FFB322743C4E003F13E6 /* Extensions */ = {
			isa = PBXGroup;
			children = (
				6B15FFB422743CA2003F13E6 /* UIApplication+TopViewController.swift */,
				6BBB5AFE228679B800B0DF3D /* UIViewController+customActivityIndicator.swift */,
			);
			path = Extensions;
			sourceTree = "<group>";
		};
		6B25938822606A4900764B9A /* ViewControllers */ = {
			isa = PBXGroup;
			children = (
				27392D3822812C79005275C0 /* SETTINGS - ViewControllers */,
				2706DC6A2272B21C00F8B9A1 /* MAIN-ViewControllers */,
				2706DC6B2272B24500F8B9A1 /* SURVEY-ViewControllers */,
				2706DC6C2272B27600F8B9A1 /* HOME-ViewControllers */,
			);
			path = ViewControllers;
			sourceTree = "<group>";
		};
		6B25938922606A6100764B9A /* Storyboards */ = {
			isa = PBXGroup;
			children = (
				6BAB13762260676300C5C5E3 /* LaunchScreen.storyboard */,
				6BAB13712260676200C5C5E3 /* Main.storyboard */,
				6B0A6D00227044C100571380 /* Survey.storyboard */,
				27EDE5C022614192001C8A08 /* Home.storyboard */,
				6B876B8C2267D853007A48AF /* Profile.storyboard */,
				27EDE5C2226141C1001C8A08 /* Settings.storyboard */,
			);
			path = Storyboards;
			sourceTree = "<group>";
		};
		6BAB13612260676200C5C5E3 = {
			isa = PBXGroup;
			children = (
				6BAB136C2260676200C5C5E3 /* Nutriq */,
				6BAB136B2260676200C5C5E3 /* Products */,
				27995FDB22779E70004A8CB7 /* Fonts */,
				2792EEA32261B80D00F0AFB1 /* Images */,
				AAF658626B7614DCD14DEB1F /* Pods */,
				7B5C41196CD82C33C22690EB /* Frameworks */,
			);
			sourceTree = "<group>";
		};
		6BAB136B2260676200C5C5E3 /* Products */ = {
			isa = PBXGroup;
			children = (
				6BAB136A2260676200C5C5E3 /* Nutriq.app */,
				277EC51A22725D31006BB6AB /* Test.appex */,
			);
			name = Products;
			sourceTree = "<group>";
		};
		6BAB136C2260676200C5C5E3 /* Nutriq */ = {
			isa = PBXGroup;
			children = (
				2706DC6D2272B2C100F8B9A1 /* Classes */,
				6B15FFB322743C4E003F13E6 /* Extensions */,
				6B25938922606A6100764B9A /* Storyboards */,
				6B25938822606A4900764B9A /* ViewControllers */,
				6BAB136D2260676200C5C5E3 /* AppDelegate.swift */,
				6BAB13742260676300C5C5E3 /* Assets.xcassets */,
				6BAB13792260676300C5C5E3 /* Info.plist */,
				6B0A6CFE2270246100571380 /* GoogleService-Info.plist */,
			);
			path = Nutriq;
			sourceTree = "<group>";
		};
		6BD1CFB22293DE810018BDE4 /* PROFILE - ViewControllers */ = {
			isa = PBXGroup;
			children = (
				27B90BE42279A76A00BE7938 /* ProfileViewController.swift */,
				6B5DA4E9228E45990005FA4C /* UpdateWeightViewController.swift */,
				6B426253228ECF2D002BFD99 /* UpdateGoalsViewController.swift */,
			);
			path = "PROFILE - ViewControllers";
			sourceTree = "<group>";
		};
		7B5C41196CD82C33C22690EB /* Frameworks */ = {
			isa = PBXGroup;
			children = (
				7821371823EF85D88EDF66B9 /* Pods_Nutriq.framework */,
			);
			name = Frameworks;
			sourceTree = "<group>";
		};
		AAF658626B7614DCD14DEB1F /* Pods */ = {
			isa = PBXGroup;
			children = (
				466FBC2A3A36CA30F7C591C9 /* Pods-Nutriq.debug.xcconfig */,
				50398D06E5DEB649266F17C9 /* Pods-Nutriq.release.xcconfig */,
			);
			path = Pods;
			sourceTree = "<group>";
		};
/* End PBXGroup section */

/* Begin PBXNativeTarget section */
		277EC51922725D31006BB6AB /* Test */ = {
			isa = PBXNativeTarget;
			buildConfigurationList = 277EC52922725D31006BB6AB /* Build configuration list for PBXNativeTarget "Test" */;
			buildPhases = (
				277EC51622725D31006BB6AB /* Sources */,
				277EC51722725D31006BB6AB /* Frameworks */,
				277EC51822725D31006BB6AB /* Resources */,
			);
			buildRules = (
			);
			dependencies = (
			);
			name = Test;
			productName = Test;
			productReference = 277EC51A22725D31006BB6AB /* Test.appex */;
			productType = "com.apple.product-type.app-extension";
		};
		6BAB13692260676200C5C5E3 /* Nutriq */ = {
			isa = PBXNativeTarget;
			buildConfigurationList = 6BAB137C2260676300C5C5E3 /* Build configuration list for PBXNativeTarget "Nutriq" */;
			buildPhases = (
				266E1AAF865992CC11F010E5 /* [CP] Check Pods Manifest.lock */,
				6BAB13662260676200C5C5E3 /* Sources */,
				6BAB13672260676200C5C5E3 /* Frameworks */,
				6BAB13682260676200C5C5E3 /* Resources */,
				D24FA00628016873903E3489 /* [CP] Embed Pods Frameworks */,
				3E57EFDACB8789CB7770BB4B /* [CP] Copy Pods Resources */,
			);
			buildRules = (
			);
			dependencies = (
			);
			name = Nutriq;
			productName = Nutriq;
			productReference = 6BAB136A2260676200C5C5E3 /* Nutriq.app */;
			productType = "com.apple.product-type.application";
		};
/* End PBXNativeTarget section */

/* Begin PBXProject section */
		6BAB13622260676200C5C5E3 /* Project object */ = {
			isa = PBXProject;
			attributes = {
				LastSwiftUpdateCheck = 1020;
				LastUpgradeCheck = 1020;
				ORGANIZATIONNAME = NutriQ;
				TargetAttributes = {
					277EC51922725D31006BB6AB = {
						CreatedOnToolsVersion = 10.2;
					};
					6BAB13692260676200C5C5E3 = {
						CreatedOnToolsVersion = 10.2;
					};
				};
			};
			buildConfigurationList = 6BAB13652260676200C5C5E3 /* Build configuration list for PBXProject "Nutriq" */;
			compatibilityVersion = "Xcode 9.3";
			developmentRegion = en;
			hasScannedForEncodings = 0;
			knownRegions = (
				en,
				Base,
			);
			mainGroup = 6BAB13612260676200C5C5E3;
			productRefGroup = 6BAB136B2260676200C5C5E3 /* Products */;
			projectDirPath = "";
			projectRoot = "";
			targets = (
				6BAB13692260676200C5C5E3 /* Nutriq */,
				277EC51922725D31006BB6AB /* Test */,
			);
		};
/* End PBXProject section */

/* Begin PBXResourcesBuildPhase section */
		277EC51822725D31006BB6AB /* Resources */ = {
			isa = PBXResourcesBuildPhase;
			buildActionMask = 2147483647;
			files = (
			);
			runOnlyForDeploymentPostprocessing = 0;
		};
		6BAB13682260676200C5C5E3 /* Resources */ = {
			isa = PBXResourcesBuildPhase;
			buildActionMask = 2147483647;
			files = (
				27F5187C2280D4F700EE3697 /* FoodVideo1.mp4 in Resources */,
				27995FDD22779E95004A8CB7 /* Proxima-Nova_Light.otf in Resources */,
				6B0A6D01227044C100571380 /* Survey.storyboard in Resources */,
				6BAB13782260676300C5C5E3 /* LaunchScreen.storyboard in Resources */,
				27995FE22277A1F2004A8CB7 /* timeburnernormal.ttf in Resources */,
				6B0A6CFF2270246100571380 /* GoogleService-Info.plist in Resources */,
				6B3CBD63227D873F00D0BD30 /* Roboto-Medium.ttf in Resources */,
				27995FDF22779FAC004A8CB7 /* Proxima-Nova-Reg.ttf in Resources */,
				6BBB5AFB228664EF00B0DF3D /* Proxima-Nova-Semibold.otf in Resources */,
				6BAB13752260676300C5C5E3 /* Assets.xcassets in Resources */,
				6BAB13732260676200C5C5E3 /* Main.storyboard in Resources */,
				27995FE32277A1F2004A8CB7 /* timeburnerbold.ttf in Resources */,
				27EDE5C122614193001C8A08 /* Home.storyboard in Resources */,
				6B876B8D2267D853007A48AF /* Profile.storyboard in Resources */,
				27EDE5C3226141C1001C8A08 /* Settings.storyboard in Resources */,
			);
			runOnlyForDeploymentPostprocessing = 0;
		};
/* End PBXResourcesBuildPhase section */

/* Begin PBXShellScriptBuildPhase section */
		266E1AAF865992CC11F010E5 /* [CP] Check Pods Manifest.lock */ = {
			isa = PBXShellScriptBuildPhase;
			buildActionMask = 2147483647;
			files = (
			);
			inputFileListPaths = (
			);
			inputPaths = (
				"${PODS_PODFILE_DIR_PATH}/Podfile.lock",
				"${PODS_ROOT}/Manifest.lock",
			);
			name = "[CP] Check Pods Manifest.lock";
			outputFileListPaths = (
			);
			outputPaths = (
				"$(DERIVED_FILE_DIR)/Pods-Nutriq-checkManifestLockResult.txt",
			);
			runOnlyForDeploymentPostprocessing = 0;
			shellPath = /bin/sh;
			shellScript = "diff \"${PODS_PODFILE_DIR_PATH}/Podfile.lock\" \"${PODS_ROOT}/Manifest.lock\" > /dev/null\nif [ $? != 0 ] ; then\n    # print error to STDERR\n    echo \"error: The sandbox is not in sync with the Podfile.lock. Run 'pod install' or update your CocoaPods installation.\" >&2\n    exit 1\nfi\n# This output is used by Xcode 'outputs' to avoid re-running this script phase.\necho \"SUCCESS\" > \"${SCRIPT_OUTPUT_FILE_0}\"\n";
			showEnvVarsInLog = 0;
		};
		3E57EFDACB8789CB7770BB4B /* [CP] Copy Pods Resources */ = {
			isa = PBXShellScriptBuildPhase;
			buildActionMask = 2147483647;
			files = (
			);
			inputFileListPaths = (
			);
			inputPaths = (
				"${PODS_ROOT}/Target Support Files/Pods-Nutriq/Pods-Nutriq-resources.sh",
				"${PODS_CONFIGURATION_BUILD_DIR}/FirebaseUI/FirebaseAnonymousAuthUI.bundle",
				"${PODS_CONFIGURATION_BUILD_DIR}/FirebaseUI/FirebaseAuthUI.bundle",
				"${PODS_CONFIGURATION_BUILD_DIR}/FirebaseUI/FirebaseEmailAuthUI.bundle",
				"${PODS_CONFIGURATION_BUILD_DIR}/FirebaseUI/FirebaseFacebookAuthUI.bundle",
				"${PODS_CONFIGURATION_BUILD_DIR}/FirebaseUI/FirebaseGoogleAuthUI.bundle",
				"${PODS_CONFIGURATION_BUILD_DIR}/FirebaseUI/FirebasePhoneAuthUI.bundle",
				"${PODS_CONFIGURATION_BUILD_DIR}/FirebaseUI/FirebaseTwitterAuthUI.bundle",
				"${PODS_ROOT}/GoogleSignIn/Resources/GoogleSignIn.bundle",
				"${PODS_ROOT}/TwitterKit/iOS/TwitterKit.framework/TwitterKitResources.bundle",
			);
			name = "[CP] Copy Pods Resources";
			outputFileListPaths = (
			);
			outputPaths = (
				"${TARGET_BUILD_DIR}/${UNLOCALIZED_RESOURCES_FOLDER_PATH}/FirebaseAnonymousAuthUI.bundle",
				"${TARGET_BUILD_DIR}/${UNLOCALIZED_RESOURCES_FOLDER_PATH}/FirebaseAuthUI.bundle",
				"${TARGET_BUILD_DIR}/${UNLOCALIZED_RESOURCES_FOLDER_PATH}/FirebaseEmailAuthUI.bundle",
				"${TARGET_BUILD_DIR}/${UNLOCALIZED_RESOURCES_FOLDER_PATH}/FirebaseFacebookAuthUI.bundle",
				"${TARGET_BUILD_DIR}/${UNLOCALIZED_RESOURCES_FOLDER_PATH}/FirebaseGoogleAuthUI.bundle",
				"${TARGET_BUILD_DIR}/${UNLOCALIZED_RESOURCES_FOLDER_PATH}/FirebasePhoneAuthUI.bundle",
				"${TARGET_BUILD_DIR}/${UNLOCALIZED_RESOURCES_FOLDER_PATH}/FirebaseTwitterAuthUI.bundle",
				"${TARGET_BUILD_DIR}/${UNLOCALIZED_RESOURCES_FOLDER_PATH}/GoogleSignIn.bundle",
				"${TARGET_BUILD_DIR}/${UNLOCALIZED_RESOURCES_FOLDER_PATH}/TwitterKitResources.bundle",
			);
			runOnlyForDeploymentPostprocessing = 0;
			shellPath = /bin/sh;
			shellScript = "\"${PODS_ROOT}/Target Support Files/Pods-Nutriq/Pods-Nutriq-resources.sh\"\n";
			showEnvVarsInLog = 0;
		};
		D24FA00628016873903E3489 /* [CP] Embed Pods Frameworks */ = {
			isa = PBXShellScriptBuildPhase;
			buildActionMask = 2147483647;
			files = (
			);
			inputFileListPaths = (
			);
			inputPaths = (
				"${PODS_ROOT}/Target Support Files/Pods-Nutriq/Pods-Nutriq-frameworks.sh",
				"${BUILT_PRODUCTS_DIR}/Bolts/Bolts.framework",
				"${BUILT_PRODUCTS_DIR}/BoringSSL-GRPC/openssl_grpc.framework",
				"${BUILT_PRODUCTS_DIR}/Cards/Cards.framework",
				"${BUILT_PRODUCTS_DIR}/FBSDKCoreKit/FBSDKCoreKit.framework",
				"${BUILT_PRODUCTS_DIR}/FBSDKLoginKit/FBSDKLoginKit.framework",
				"${BUILT_PRODUCTS_DIR}/GTMSessionFetcher/GTMSessionFetcher.framework",
				"${BUILT_PRODUCTS_DIR}/GoogleToolboxForMac/GoogleToolboxForMac.framework",
				"${BUILT_PRODUCTS_DIR}/GoogleUtilities/GoogleUtilities.framework",
				"${BUILT_PRODUCTS_DIR}/Player/Player.framework",
				"${BUILT_PRODUCTS_DIR}/Protobuf/Protobuf.framework",
				"${BUILT_PRODUCTS_DIR}/SDWebImage/SDWebImage.framework",
				"${BUILT_PRODUCTS_DIR}/SwiftVideoBackground/SwiftVideoBackground.framework",
				"${PODS_ROOT}/TwitterCore/iOS/TwitterCore.framework",
				"${PODS_ROOT}/TwitterKit/iOS/TwitterKit.framework",
				"${BUILT_PRODUCTS_DIR}/gRPC-C++/grpcpp.framework",
				"${BUILT_PRODUCTS_DIR}/gRPC-Core/grpc.framework",
				"${BUILT_PRODUCTS_DIR}/leveldb-library/leveldb.framework",
				"${BUILT_PRODUCTS_DIR}/nanopb/nanopb.framework",
			);
			name = "[CP] Embed Pods Frameworks";
			outputFileListPaths = (
			);
			outputPaths = (
				"${TARGET_BUILD_DIR}/${FRAMEWORKS_FOLDER_PATH}/Bolts.framework",
				"${TARGET_BUILD_DIR}/${FRAMEWORKS_FOLDER_PATH}/openssl_grpc.framework",
				"${TARGET_BUILD_DIR}/${FRAMEWORKS_FOLDER_PATH}/Cards.framework",
				"${TARGET_BUILD_DIR}/${FRAMEWORKS_FOLDER_PATH}/FBSDKCoreKit.framework",
				"${TARGET_BUILD_DIR}/${FRAMEWORKS_FOLDER_PATH}/FBSDKLoginKit.framework",
				"${TARGET_BUILD_DIR}/${FRAMEWORKS_FOLDER_PATH}/GTMSessionFetcher.framework",
				"${TARGET_BUILD_DIR}/${FRAMEWORKS_FOLDER_PATH}/GoogleToolboxForMac.framework",
				"${TARGET_BUILD_DIR}/${FRAMEWORKS_FOLDER_PATH}/GoogleUtilities.framework",
				"${TARGET_BUILD_DIR}/${FRAMEWORKS_FOLDER_PATH}/Player.framework",
				"${TARGET_BUILD_DIR}/${FRAMEWORKS_FOLDER_PATH}/Protobuf.framework",
				"${TARGET_BUILD_DIR}/${FRAMEWORKS_FOLDER_PATH}/SDWebImage.framework",
				"${TARGET_BUILD_DIR}/${FRAMEWORKS_FOLDER_PATH}/SwiftVideoBackground.framework",
				"${TARGET_BUILD_DIR}/${FRAMEWORKS_FOLDER_PATH}/TwitterCore.framework",
				"${TARGET_BUILD_DIR}/${FRAMEWORKS_FOLDER_PATH}/TwitterKit.framework",
				"${TARGET_BUILD_DIR}/${FRAMEWORKS_FOLDER_PATH}/grpcpp.framework",
				"${TARGET_BUILD_DIR}/${FRAMEWORKS_FOLDER_PATH}/grpc.framework",
				"${TARGET_BUILD_DIR}/${FRAMEWORKS_FOLDER_PATH}/leveldb.framework",
				"${TARGET_BUILD_DIR}/${FRAMEWORKS_FOLDER_PATH}/nanopb.framework",
			);
			runOnlyForDeploymentPostprocessing = 0;
			shellPath = /bin/sh;
			shellScript = "\"${PODS_ROOT}/Target Support Files/Pods-Nutriq/Pods-Nutriq-frameworks.sh\"\n";
			showEnvVarsInLog = 0;
		};
/* End PBXShellScriptBuildPhase section */

/* Begin PBXSourcesBuildPhase section */
		277EC51622725D31006BB6AB /* Sources */ = {
			isa = PBXSourcesBuildPhase;
			buildActionMask = 2147483647;
			files = (
			);
			runOnlyForDeploymentPostprocessing = 0;
		};
		6BAB13662260676200C5C5E3 /* Sources */ = {
			isa = PBXSourcesBuildPhase;
			buildActionMask = 2147483647;
			files = (
				27EDE5C722614579001C8A08 /* SignUpViewController.swift in Sources */,
				27B90BE32279A18000BE7938 /* MealDetailViewController.swift in Sources */,
				2787BBEC2279960200AFE68A /* FoodCell.swift in Sources */,
				6B0FB360228DF43D00866CD3 /* HealthStatsViewController.swift in Sources */,
				6B0FB35C228DE5D800866CD3 /* WeeklyGoalViewController.swift in Sources */,
				2792EEA12261B72C00F0AFB1 /* WelcomeViewController.swift in Sources */,
				27392D3A22812CB8005275C0 /* SettingsViewController.swift in Sources */,
				6B02467F22865BD200F8815C /* AccountSettingsViewController.swift in Sources */,
				6B07F87D228BD91E007F250B /* ForgotPasswordViewController.swift in Sources */,
				27B90BE52279A76A00BE7938 /* ProfileViewController.swift in Sources */,
				27995FB822778C0A004A8CB7 /* ShadowButton.swift in Sources */,
				6BBB5AFF228679B800B0DF3D /* UIViewController+customActivityIndicator.swift in Sources */,
				27995FBC22778CB7004A8CB7 /* HomeViewController.swift in Sources */,
				27EDE5C5226141FB001C8A08 /* LoginViewController.swift in Sources */,
				6BF36B7E228A9DE500E55CC5 /* GetCurrentPasswordPopupViewController.swift in Sources */,
				275799DE2272A818008C2859 /* SurveyResultsViewController.swift in Sources */,
				27995FBA22778C13004A8CB7 /* ToolbarPiker.swift in Sources */,
				6B5DA4EA228E45990005FA4C /* UpdateWeightViewController.swift in Sources */,
				6B426254228ECF2D002BFD99 /* UpdateGoalsViewController.swift in Sources */,
				6B15FFB522743CA2003F13E6 /* UIApplication+TopViewController.swift in Sources */,
				27995FB622778BFE004A8CB7 /* GradientView.swift in Sources */,
				6B0FB35E228DF28500866CD3 /* ActivityLevelViewController.swift in Sources */,
				6B0D488D2273CBFC00AF9254 /* GetUsernameViewController.swift in Sources */,
				6BAB136E2260676200C5C5E3 /* AppDelegate.swift in Sources */,
				6B04033E228A4FF900F98CFB /* ChangePasswordViewController.swift in Sources */,
			);
			runOnlyForDeploymentPostprocessing = 0;
		};
/* End PBXSourcesBuildPhase section */

/* Begin PBXVariantGroup section */
		6BAB13712260676200C5C5E3 /* Main.storyboard */ = {
			isa = PBXVariantGroup;
			children = (
				6BAB13722260676200C5C5E3 /* Base */,
			);
			name = Main.storyboard;
			sourceTree = "<group>";
		};
		6BAB13762260676300C5C5E3 /* LaunchScreen.storyboard */ = {
			isa = PBXVariantGroup;
			children = (
				6BAB13772260676300C5C5E3 /* Base */,
			);
			name = LaunchScreen.storyboard;
			sourceTree = "<group>";
		};
/* End PBXVariantGroup section */

/* Begin XCBuildConfiguration section */
		277EC52722725D31006BB6AB /* Debug */ = {
			isa = XCBuildConfiguration;
			buildSettings = {
				CODE_SIGN_STYLE = Automatic;
				DEVELOPMENT_TEAM = VQD57JJ22G;
				INFOPLIST_FILE = Test/Info.plist;
				LD_RUNPATH_SEARCH_PATHS = (
					"$(inherited)",
					"@executable_path/Frameworks",
					"@executable_path/../../Frameworks",
				);
				PRODUCT_BUNDLE_IDENTIFIER = codepath.Nutriq.Gertskis.Test;
				PRODUCT_NAME = "$(TARGET_NAME)";
				SKIP_INSTALL = YES;
				SWIFT_VERSION = 5.0;
				TARGETED_DEVICE_FAMILY = "1,2";
			};
			name = Debug;
		};
		277EC52822725D31006BB6AB /* Release */ = {
			isa = XCBuildConfiguration;
			buildSettings = {
				CODE_SIGN_STYLE = Automatic;
				DEVELOPMENT_TEAM = VQD57JJ22G;
				INFOPLIST_FILE = Test/Info.plist;
				LD_RUNPATH_SEARCH_PATHS = (
					"$(inherited)",
					"@executable_path/Frameworks",
					"@executable_path/../../Frameworks",
				);
				PRODUCT_BUNDLE_IDENTIFIER = codepath.Nutriq.Gertskis.Test;
				PRODUCT_NAME = "$(TARGET_NAME)";
				SKIP_INSTALL = YES;
				SWIFT_VERSION = 5.0;
				TARGETED_DEVICE_FAMILY = "1,2";
			};
			name = Release;
		};
		6BAB137A2260676300C5C5E3 /* Debug */ = {
			isa = XCBuildConfiguration;
			buildSettings = {
				ALWAYS_SEARCH_USER_PATHS = NO;
				CLANG_ANALYZER_NONNULL = YES;
				CLANG_ANALYZER_NUMBER_OBJECT_CONVERSION = YES_AGGRESSIVE;
				CLANG_CXX_LANGUAGE_STANDARD = "gnu++14";
				CLANG_CXX_LIBRARY = "libc++";
				CLANG_ENABLE_MODULES = YES;
				CLANG_ENABLE_OBJC_ARC = YES;
				CLANG_ENABLE_OBJC_WEAK = YES;
				CLANG_WARN_BLOCK_CAPTURE_AUTORELEASING = YES;
				CLANG_WARN_BOOL_CONVERSION = YES;
				CLANG_WARN_COMMA = YES;
				CLANG_WARN_CONSTANT_CONVERSION = YES;
				CLANG_WARN_DEPRECATED_OBJC_IMPLEMENTATIONS = YES;
				CLANG_WARN_DIRECT_OBJC_ISA_USAGE = YES_ERROR;
				CLANG_WARN_DOCUMENTATION_COMMENTS = YES;
				CLANG_WARN_EMPTY_BODY = YES;
				CLANG_WARN_ENUM_CONVERSION = YES;
				CLANG_WARN_INFINITE_RECURSION = YES;
				CLANG_WARN_INT_CONVERSION = YES;
				CLANG_WARN_NON_LITERAL_NULL_CONVERSION = YES;
				CLANG_WARN_OBJC_IMPLICIT_RETAIN_SELF = YES;
				CLANG_WARN_OBJC_LITERAL_CONVERSION = YES;
				CLANG_WARN_OBJC_ROOT_CLASS = YES_ERROR;
				CLANG_WARN_RANGE_LOOP_ANALYSIS = YES;
				CLANG_WARN_STRICT_PROTOTYPES = YES;
				CLANG_WARN_SUSPICIOUS_MOVE = YES;
				CLANG_WARN_UNGUARDED_AVAILABILITY = YES_AGGRESSIVE;
				CLANG_WARN_UNREACHABLE_CODE = YES;
				CLANG_WARN__DUPLICATE_METHOD_MATCH = YES;
				CODE_SIGN_IDENTITY = "iPhone Developer";
				COPY_PHASE_STRIP = NO;
				DEBUG_INFORMATION_FORMAT = dwarf;
				ENABLE_STRICT_OBJC_MSGSEND = YES;
				ENABLE_TESTABILITY = YES;
				GCC_C_LANGUAGE_STANDARD = gnu11;
				GCC_DYNAMIC_NO_PIC = NO;
				GCC_NO_COMMON_BLOCKS = YES;
				GCC_OPTIMIZATION_LEVEL = 0;
				GCC_PREPROCESSOR_DEFINITIONS = (
					"DEBUG=1",
					"$(inherited)",
				);
				GCC_WARN_64_TO_32_BIT_CONVERSION = YES;
				GCC_WARN_ABOUT_RETURN_TYPE = YES_ERROR;
				GCC_WARN_UNDECLARED_SELECTOR = YES;
				GCC_WARN_UNINITIALIZED_AUTOS = YES_AGGRESSIVE;
				GCC_WARN_UNUSED_FUNCTION = YES;
				GCC_WARN_UNUSED_VARIABLE = YES;
				IPHONEOS_DEPLOYMENT_TARGET = 12.2;
				MTL_ENABLE_DEBUG_INFO = INCLUDE_SOURCE;
				MTL_FAST_MATH = YES;
				ONLY_ACTIVE_ARCH = YES;
				SDKROOT = iphoneos;
				SWIFT_ACTIVE_COMPILATION_CONDITIONS = DEBUG;
				SWIFT_OPTIMIZATION_LEVEL = "-Onone";
			};
			name = Debug;
		};
		6BAB137B2260676300C5C5E3 /* Release */ = {
			isa = XCBuildConfiguration;
			buildSettings = {
				ALWAYS_SEARCH_USER_PATHS = NO;
				CLANG_ANALYZER_NONNULL = YES;
				CLANG_ANALYZER_NUMBER_OBJECT_CONVERSION = YES_AGGRESSIVE;
				CLANG_CXX_LANGUAGE_STANDARD = "gnu++14";
				CLANG_CXX_LIBRARY = "libc++";
				CLANG_ENABLE_MODULES = YES;
				CLANG_ENABLE_OBJC_ARC = YES;
				CLANG_ENABLE_OBJC_WEAK = YES;
				CLANG_WARN_BLOCK_CAPTURE_AUTORELEASING = YES;
				CLANG_WARN_BOOL_CONVERSION = YES;
				CLANG_WARN_COMMA = YES;
				CLANG_WARN_CONSTANT_CONVERSION = YES;
				CLANG_WARN_DEPRECATED_OBJC_IMPLEMENTATIONS = YES;
				CLANG_WARN_DIRECT_OBJC_ISA_USAGE = YES_ERROR;
				CLANG_WARN_DOCUMENTATION_COMMENTS = YES;
				CLANG_WARN_EMPTY_BODY = YES;
				CLANG_WARN_ENUM_CONVERSION = YES;
				CLANG_WARN_INFINITE_RECURSION = YES;
				CLANG_WARN_INT_CONVERSION = YES;
				CLANG_WARN_NON_LITERAL_NULL_CONVERSION = YES;
				CLANG_WARN_OBJC_IMPLICIT_RETAIN_SELF = YES;
				CLANG_WARN_OBJC_LITERAL_CONVERSION = YES;
				CLANG_WARN_OBJC_ROOT_CLASS = YES_ERROR;
				CLANG_WARN_RANGE_LOOP_ANALYSIS = YES;
				CLANG_WARN_STRICT_PROTOTYPES = YES;
				CLANG_WARN_SUSPICIOUS_MOVE = YES;
				CLANG_WARN_UNGUARDED_AVAILABILITY = YES_AGGRESSIVE;
				CLANG_WARN_UNREACHABLE_CODE = YES;
				CLANG_WARN__DUPLICATE_METHOD_MATCH = YES;
				CODE_SIGN_IDENTITY = "iPhone Developer";
				COPY_PHASE_STRIP = NO;
				DEBUG_INFORMATION_FORMAT = "dwarf-with-dsym";
				ENABLE_NS_ASSERTIONS = NO;
				ENABLE_STRICT_OBJC_MSGSEND = YES;
				GCC_C_LANGUAGE_STANDARD = gnu11;
				GCC_NO_COMMON_BLOCKS = YES;
				GCC_WARN_64_TO_32_BIT_CONVERSION = YES;
				GCC_WARN_ABOUT_RETURN_TYPE = YES_ERROR;
				GCC_WARN_UNDECLARED_SELECTOR = YES;
				GCC_WARN_UNINITIALIZED_AUTOS = YES_AGGRESSIVE;
				GCC_WARN_UNUSED_FUNCTION = YES;
				GCC_WARN_UNUSED_VARIABLE = YES;
				IPHONEOS_DEPLOYMENT_TARGET = 12.2;
				MTL_ENABLE_DEBUG_INFO = NO;
				MTL_FAST_MATH = YES;
				SDKROOT = iphoneos;
				SWIFT_COMPILATION_MODE = wholemodule;
				SWIFT_OPTIMIZATION_LEVEL = "-O";
				VALIDATE_PRODUCT = YES;
			};
			name = Release;
		};
		6BAB137D2260676300C5C5E3 /* Debug */ = {
			isa = XCBuildConfiguration;
			baseConfigurationReference = 466FBC2A3A36CA30F7C591C9 /* Pods-Nutriq.debug.xcconfig */;
			buildSettings = {
				ASSETCATALOG_COMPILER_APPICON_NAME = AppIcon;
				CODE_SIGN_STYLE = Automatic;
				DEVELOPMENT_TEAM = VQD57JJ22G;
				INFOPLIST_FILE = Nutriq/Info.plist;
				LD_RUNPATH_SEARCH_PATHS = (
					"$(inherited)",
					"@executable_path/Frameworks",
				);
				PRODUCT_BUNDLE_IDENTIFIER = codepath.Nutriq.Gertskis;
				PRODUCT_NAME = "$(TARGET_NAME)";
				SWIFT_VERSION = 5.0;
				TARGETED_DEVICE_FAMILY = "1,2";
			};
			name = Debug;
		};
		6BAB137E2260676300C5C5E3 /* Release */ = {
			isa = XCBuildConfiguration;
			baseConfigurationReference = 50398D06E5DEB649266F17C9 /* Pods-Nutriq.release.xcconfig */;
			buildSettings = {
				ASSETCATALOG_COMPILER_APPICON_NAME = AppIcon;
				CODE_SIGN_STYLE = Automatic;
				DEVELOPMENT_TEAM = VQD57JJ22G;
				INFOPLIST_FILE = Nutriq/Info.plist;
				LD_RUNPATH_SEARCH_PATHS = (
					"$(inherited)",
					"@executable_path/Frameworks",
				);
				PRODUCT_BUNDLE_IDENTIFIER = codepath.Nutriq.Gertskis;
				PRODUCT_NAME = "$(TARGET_NAME)";
				SWIFT_VERSION = 5.0;
				TARGETED_DEVICE_FAMILY = "1,2";
			};
			name = Release;
		};
/* End XCBuildConfiguration section */

/* Begin XCConfigurationList section */
		277EC52922725D31006BB6AB /* Build configuration list for PBXNativeTarget "Test" */ = {
			isa = XCConfigurationList;
			buildConfigurations = (
				277EC52722725D31006BB6AB /* Debug */,
				277EC52822725D31006BB6AB /* Release */,
			);
			defaultConfigurationIsVisible = 0;
			defaultConfigurationName = Release;
		};
		6BAB13652260676200C5C5E3 /* Build configuration list for PBXProject "Nutriq" */ = {
			isa = XCConfigurationList;
			buildConfigurations = (
				6BAB137A2260676300C5C5E3 /* Debug */,
				6BAB137B2260676300C5C5E3 /* Release */,
			);
			defaultConfigurationIsVisible = 0;
			defaultConfigurationName = Release;
		};
		6BAB137C2260676300C5C5E3 /* Build configuration list for PBXNativeTarget "Nutriq" */ = {
			isa = XCConfigurationList;
			buildConfigurations = (
				6BAB137D2260676300C5C5E3 /* Debug */,
				6BAB137E2260676300C5C5E3 /* Release */,
			);
			defaultConfigurationIsVisible = 0;
			defaultConfigurationName = Release;
		};
/* End XCConfigurationList section */
	};
	rootObject = 6BAB13622260676200C5C5E3 /* Project object */;
}
