// !$*UTF8*$!
{
	archiveVersion = 1;
	classes = {
	};
	objectVersion = 50;
	objects = {

/* Begin PBXBuildFile section */
		2792EEA12261B72C00F0AFB1 /* WelcomeViewController.swift in Sources */ = {isa = PBXBuildFile; fileRef = 2792EEA02261B72C00F0AFB1 /* WelcomeViewController.swift */; };
		2792EEA52261B83400F0AFB1 /* foodGif.gif in Resources */ = {isa = PBXBuildFile; fileRef = 2792EEA42261B83400F0AFB1 /* foodGif.gif */; };
		2792EEAA2261B94000F0AFB1 /* WebViewContent.html in Resources */ = {isa = PBXBuildFile; fileRef = 2792EEA92261B94000F0AFB1 /* WebViewContent.html */; };
		27D1DE472267061F00733B39 /* GradientView.swift in Sources */ = {isa = PBXBuildFile; fileRef = 27D1DE462267061F00733B39 /* GradientView.swift */; };
		27D1DE4922670EB500733B39 /* ShadowButton.swift in Sources */ = {isa = PBXBuildFile; fileRef = 27D1DE4822670EB500733B39 /* ShadowButton.swift */; };
		27EDE5C122614193001C8A08 /* Home.storyboard in Resources */ = {isa = PBXBuildFile; fileRef = 27EDE5C022614192001C8A08 /* Home.storyboard */; };
		27EDE5C3226141C1001C8A08 /* Settings.storyboard in Resources */ = {isa = PBXBuildFile; fileRef = 27EDE5C2226141C1001C8A08 /* Settings.storyboard */; };
		27EDE5C5226141FB001C8A08 /* LoginViewController.swift in Sources */ = {isa = PBXBuildFile; fileRef = 27EDE5C4226141FB001C8A08 /* LoginViewController.swift */; };
		27EDE5C722614579001C8A08 /* SignUpViewController.swift in Sources */ = {isa = PBXBuildFile; fileRef = 27EDE5C622614579001C8A08 /* SignUpViewController.swift */; };
		27EDE5C9226146E8001C8A08 /* SurveyViewController.swift in Sources */ = {isa = PBXBuildFile; fileRef = 27EDE5C8226146E8001C8A08 /* SurveyViewController.swift */; };
		6B0A6CFD22701EB500571380 /* HomeViewController.swift in Sources */ = {isa = PBXBuildFile; fileRef = 6B0A6CFC22701EB500571380 /* HomeViewController.swift */; };
		6B0A6CFF2270246100571380 /* GoogleService-Info.plist in Resources */ = {isa = PBXBuildFile; fileRef = 6B0A6CFE2270246100571380 /* GoogleService-Info.plist */; };
		6B0A6D01227044C100571380 /* Survey.storyboard in Resources */ = {isa = PBXBuildFile; fileRef = 6B0A6D00227044C100571380 /* Survey.storyboard */; };
		6B876B8D2267D853007A48AF /* Profile.storyboard in Resources */ = {isa = PBXBuildFile; fileRef = 6B876B8C2267D853007A48AF /* Profile.storyboard */; };
		6BAB136E2260676200C5C5E3 /* AppDelegate.swift in Sources */ = {isa = PBXBuildFile; fileRef = 6BAB136D2260676200C5C5E3 /* AppDelegate.swift */; };
		6BAB13732260676200C5C5E3 /* Main.storyboard in Resources */ = {isa = PBXBuildFile; fileRef = 6BAB13712260676200C5C5E3 /* Main.storyboard */; };
		6BAB13752260676300C5C5E3 /* Assets.xcassets in Resources */ = {isa = PBXBuildFile; fileRef = 6BAB13742260676300C5C5E3 /* Assets.xcassets */; };
		6BAB13782260676300C5C5E3 /* LaunchScreen.storyboard in Resources */ = {isa = PBXBuildFile; fileRef = 6BAB13762260676300C5C5E3 /* LaunchScreen.storyboard */; };
		D7ACEC9FFEFCA779FB8B0B59 /* Pods_Nutriq.framework in Frameworks */ = {isa = PBXBuildFile; fileRef = 7821371823EF85D88EDF66B9 /* Pods_Nutriq.framework */; };
/* End PBXBuildFile section */

/* Begin PBXFileReference section */
		2792EEA02261B72C00F0AFB1 /* WelcomeViewController.swift */ = {isa = PBXFileReference; lastKnownFileType = sourcecode.swift; name = WelcomeViewController.swift; path = Nutriq/ViewControllers/WelcomeViewController.swift; sourceTree = SOURCE_ROOT; };
		2792EEA42261B83400F0AFB1 /* foodGif.gif */ = {isa = PBXFileReference; lastKnownFileType = image.gif; path = foodGif.gif; sourceTree = "<group>"; };
		2792EEA92261B94000F0AFB1 /* WebViewContent.html */ = {isa = PBXFileReference; lastKnownFileType = text.html; name = WebViewContent.html; path = Nutriq/WebViewContent.html; sourceTree = SOURCE_ROOT; };
		27D1DE462267061F00733B39 /* GradientView.swift */ = {isa = PBXFileReference; lastKnownFileType = sourcecode.swift; path = GradientView.swift; sourceTree = "<group>"; };
		27D1DE4822670EB500733B39 /* ShadowButton.swift */ = {isa = PBXFileReference; lastKnownFileType = sourcecode.swift; path = ShadowButton.swift; sourceTree = "<group>"; };
		27EDE5C022614192001C8A08 /* Home.storyboard */ = {isa = PBXFileReference; lastKnownFileType = file.storyboard; path = Home.storyboard; sourceTree = "<group>"; };
		27EDE5C2226141C1001C8A08 /* Settings.storyboard */ = {isa = PBXFileReference; lastKnownFileType = file.storyboard; path = Settings.storyboard; sourceTree = "<group>"; };
		27EDE5C4226141FB001C8A08 /* LoginViewController.swift */ = {isa = PBXFileReference; lastKnownFileType = sourcecode.swift; name = LoginViewController.swift; path = Nutriq/ViewControllers/LoginViewController.swift; sourceTree = SOURCE_ROOT; };
		27EDE5C622614579001C8A08 /* SignUpViewController.swift */ = {isa = PBXFileReference; lastKnownFileType = sourcecode.swift; name = SignUpViewController.swift; path = Nutriq/ViewControllers/SignUpViewController.swift; sourceTree = SOURCE_ROOT; };
		27EDE5C8226146E8001C8A08 /* SurveyViewController.swift */ = {isa = PBXFileReference; lastKnownFileType = sourcecode.swift; name = SurveyViewController.swift; path = Nutriq/ViewControllers/SurveyViewController.swift; sourceTree = SOURCE_ROOT; };
		466FBC2A3A36CA30F7C591C9 /* Pods-Nutriq.debug.xcconfig */ = {isa = PBXFileReference; includeInIndex = 1; lastKnownFileType = text.xcconfig; name = "Pods-Nutriq.debug.xcconfig"; path = "Target Support Files/Pods-Nutriq/Pods-Nutriq.debug.xcconfig"; sourceTree = "<group>"; };
		50398D06E5DEB649266F17C9 /* Pods-Nutriq.release.xcconfig */ = {isa = PBXFileReference; includeInIndex = 1; lastKnownFileType = text.xcconfig; name = "Pods-Nutriq.release.xcconfig"; path = "Target Support Files/Pods-Nutriq/Pods-Nutriq.release.xcconfig"; sourceTree = "<group>"; };
		6B0A6CFC22701EB500571380 /* HomeViewController.swift */ = {isa = PBXFileReference; lastKnownFileType = sourcecode.swift; path = HomeViewController.swift; sourceTree = "<group>"; };
		6B0A6CFE2270246100571380 /* GoogleService-Info.plist */ = {isa = PBXFileReference; fileEncoding = 4; lastKnownFileType = text.plist.xml; path = "GoogleService-Info.plist"; sourceTree = "<group>"; };
		6B0A6D00227044C100571380 /* Survey.storyboard */ = {isa = PBXFileReference; lastKnownFileType = file.storyboard; path = Survey.storyboard; sourceTree = "<group>"; };
		6B876B8C2267D853007A48AF /* Profile.storyboard */ = {isa = PBXFileReference; lastKnownFileType = file.storyboard; path = Profile.storyboard; sourceTree = "<group>"; };
		6BAB136A2260676200C5C5E3 /* Nutriq.app */ = {isa = PBXFileReference; explicitFileType = wrapper.application; includeInIndex = 0; path = Nutriq.app; sourceTree = BUILT_PRODUCTS_DIR; };
		6BAB136D2260676200C5C5E3 /* AppDelegate.swift */ = {isa = PBXFileReference; lastKnownFileType = sourcecode.swift; path = AppDelegate.swift; sourceTree = "<group>"; };
		6BAB13722260676200C5C5E3 /* Base */ = {isa = PBXFileReference; lastKnownFileType = file.storyboard; name = Base; path = Base.lproj/Main.storyboard; sourceTree = "<group>"; };
		6BAB13742260676300C5C5E3 /* Assets.xcassets */ = {isa = PBXFileReference; lastKnownFileType = folder.assetcatalog; path = Assets.xcassets; sourceTree = "<group>"; };
		6BAB13772260676300C5C5E3 /* Base */ = {isa = PBXFileReference; lastKnownFileType = file.storyboard; name = Base; path = Base.lproj/LaunchScreen.storyboard; sourceTree = "<group>"; };
		6BAB13792260676300C5C5E3 /* Info.plist */ = {isa = PBXFileReference; lastKnownFileType = text.plist.xml; path = Info.plist; sourceTree = "<group>"; };
		7821371823EF85D88EDF66B9 /* Pods_Nutriq.framework */ = {isa = PBXFileReference; explicitFileType = wrapper.framework; includeInIndex = 0; path = Pods_Nutriq.framework; sourceTree = BUILT_PRODUCTS_DIR; };
/* End PBXFileReference section */

/* Begin PBXFrameworksBuildPhase section */
		6BAB13672260676200C5C5E3 /* Frameworks */ = {
			isa = PBXFrameworksBuildPhase;
			buildActionMask = 2147483647;
			files = (
				D7ACEC9FFEFCA779FB8B0B59 /* Pods_Nutriq.framework in Frameworks */,
			);
			runOnlyForDeploymentPostprocessing = 0;
		};
/* End PBXFrameworksBuildPhase section */

/* Begin PBXGroup section */
		2792EEA32261B80D00F0AFB1 /* Images */ = {
			isa = PBXGroup;
			children = (
				2792EEA42261B83400F0AFB1 /* foodGif.gif */,
			);
			path = Images;
			sourceTree = "<group>";
		};
		6B25938822606A4900764B9A /* ViewControllers */ = {
			isa = PBXGroup;
			children = (
				2792EEA02261B72C00F0AFB1 /* WelcomeViewController.swift */,
				27EDE5C8226146E8001C8A08 /* SurveyViewController.swift */,
				27EDE5C622614579001C8A08 /* SignUpViewController.swift */,
				27EDE5C4226141FB001C8A08 /* LoginViewController.swift */,
				6B0A6CFC22701EB500571380 /* HomeViewController.swift */,
			);
			path = ViewControllers;
			sourceTree = "<group>";
		};
		6B25938922606A6100764B9A /* Storyboards */ = {
			isa = PBXGroup;
			children = (
				6BAB13712260676200C5C5E3 /* Main.storyboard */,
				27EDE5C022614192001C8A08 /* Home.storyboard */,
				27EDE5C2226141C1001C8A08 /* Settings.storyboard */,
				6BAB13762260676300C5C5E3 /* LaunchScreen.storyboard */,
				6B876B8C2267D853007A48AF /* Profile.storyboard */,
				6B0A6D00227044C100571380 /* Survey.storyboard */,
			);
			path = Storyboards;
			sourceTree = "<group>";
		};
		6BAB13612260676200C5C5E3 = {
			isa = PBXGroup;
			children = (
				6BAB136C2260676200C5C5E3 /* Nutriq */,
				6BAB136B2260676200C5C5E3 /* Products */,
				2792EEA32261B80D00F0AFB1 /* Images */,
				AAF658626B7614DCD14DEB1F /* Pods */,
				7B5C41196CD82C33C22690EB /* Frameworks */,
			);
			sourceTree = "<group>";
		};
		6BAB136B2260676200C5C5E3 /* Products */ = {
			isa = PBXGroup;
			children = (
				6BAB136A2260676200C5C5E3 /* Nutriq.app */,
			);
			name = Products;
			sourceTree = "<group>";
		};
		6BAB136C2260676200C5C5E3 /* Nutriq */ = {
			isa = PBXGroup;
			children = (
				27D1DE462267061F00733B39 /* GradientView.swift */,
				27D1DE4822670EB500733B39 /* ShadowButton.swift */,
				6B25938922606A6100764B9A /* Storyboards */,
				6B25938822606A4900764B9A /* ViewControllers */,
				6BAB136D2260676200C5C5E3 /* AppDelegate.swift */,
				6BAB13742260676300C5C5E3 /* Assets.xcassets */,
				6BAB13792260676300C5C5E3 /* Info.plist */,
				6B0A6CFE2270246100571380 /* GoogleService-Info.plist */,
				2792EEA92261B94000F0AFB1 /* WebViewContent.html */,
			);
			path = Nutriq;
			sourceTree = "<group>";
		};
		7B5C41196CD82C33C22690EB /* Frameworks */ = {
			isa = PBXGroup;
			children = (
				7821371823EF85D88EDF66B9 /* Pods_Nutriq.framework */,
			);
			name = Frameworks;
			sourceTree = "<group>";
		};
		AAF658626B7614DCD14DEB1F /* Pods */ = {
			isa = PBXGroup;
			children = (
				466FBC2A3A36CA30F7C591C9 /* Pods-Nutriq.debug.xcconfig */,
				50398D06E5DEB649266F17C9 /* Pods-Nutriq.release.xcconfig */,
			);
			path = Pods;
			sourceTree = "<group>";
		};
/* End PBXGroup section */

/* Begin PBXNativeTarget section */
		6BAB13692260676200C5C5E3 /* Nutriq */ = {
			isa = PBXNativeTarget;
			buildConfigurationList = 6BAB137C2260676300C5C5E3 /* Build configuration list for PBXNativeTarget "Nutriq" */;
			buildPhases = (
				266E1AAF865992CC11F010E5 /* [CP] Check Pods Manifest.lock */,
				6BAB13662260676200C5C5E3 /* Sources */,
				6BAB13672260676200C5C5E3 /* Frameworks */,
				6BAB13682260676200C5C5E3 /* Resources */,
				D24FA00628016873903E3489 /* [CP] Embed Pods Frameworks */,
				3E57EFDACB8789CB7770BB4B /* [CP] Copy Pods Resources */,
			);
			buildRules = (
			);
			dependencies = (
			);
			name = Nutriq;
			productName = Nutriq;
			productReference = 6BAB136A2260676200C5C5E3 /* Nutriq.app */;
			productType = "com.apple.product-type.application";
		};
/* End PBXNativeTarget section */

/* Begin PBXProject section */
		6BAB13622260676200C5C5E3 /* Project object */ = {
			isa = PBXProject;
			attributes = {
				LastSwiftUpdateCheck = 1020;
				LastUpgradeCheck = 1020;
				ORGANIZATIONNAME = NutriQ;
				TargetAttributes = {
					6BAB13692260676200C5C5E3 = {
						CreatedOnToolsVersion = 10.2;
					};
				};
			};
			buildConfigurationList = 6BAB13652260676200C5C5E3 /* Build configuration list for PBXProject "Nutriq" */;
			compatibilityVersion = "Xcode 9.3";
			developmentRegion = en;
			hasScannedForEncodings = 0;
			knownRegions = (
				en,
				Base,
			);
			mainGroup = 6BAB13612260676200C5C5E3;
			productRefGroup = 6BAB136B2260676200C5C5E3 /* Products */;
			projectDirPath = "";
			projectRoot = "";
			targets = (
				6BAB13692260676200C5C5E3 /* Nutriq */,
			);
		};
/* End PBXProject section */

/* Begin PBXResourcesBuildPhase section */
		6BAB13682260676200C5C5E3 /* Resources */ = {
			isa = PBXResourcesBuildPhase;
			buildActionMask = 2147483647;
			files = (
				6B0A6D01227044C100571380 /* Survey.storyboard in Resources */,
				6BAB13782260676300C5C5E3 /* LaunchScreen.storyboard in Resources */,
				6B0A6CFF2270246100571380 /* GoogleService-Info.plist in Resources */,
				6BAB13752260676300C5C5E3 /* Assets.xcassets in Resources */,
				6BAB13732260676200C5C5E3 /* Main.storyboard in Resources */,
				27EDE5C122614193001C8A08 /* Home.storyboard in Resources */,
				2792EEAA2261B94000F0AFB1 /* WebViewContent.html in Resources */,
				6B876B8D2267D853007A48AF /* Profile.storyboard in Resources */,
				27EDE5C3226141C1001C8A08 /* Settings.storyboard in Resources */,
				2792EEA52261B83400F0AFB1 /* foodGif.gif in Resources */,
			);
			runOnlyForDeploymentPostprocessing = 0;
		};
/* End PBXResourcesBuildPhase section */

/* Begin PBXShellScriptBuildPhase section */
		266E1AAF865992CC11F010E5 /* [CP] Check Pods Manifest.lock */ = {
			isa = PBXShellScriptBuildPhase;
			buildActionMask = 2147483647;
			files = (
			);
			inputFileListPaths = (
			);
			inputPaths = (
				"${PODS_PODFILE_DIR_PATH}/Podfile.lock",
				"${PODS_ROOT}/Manifest.lock",
			);
			name = "[CP] Check Pods Manifest.lock";
			outputFileListPaths = (
			);
			outputPaths = (
				"$(DERIVED_FILE_DIR)/Pods-Nutriq-checkManifestLockResult.txt",
			);
			runOnlyForDeploymentPostprocessing = 0;
			shellPath = /bin/sh;
			shellScript = "diff \"${PODS_PODFILE_DIR_PATH}/Podfile.lock\" \"${PODS_ROOT}/Manifest.lock\" > /dev/null\nif [ $? != 0 ] ; then\n    # print error to STDERR\n    echo \"error: The sandbox is not in sync with the Podfile.lock. Run 'pod install' or update your CocoaPods installation.\" >&2\n    exit 1\nfi\n# This output is used by Xcode 'outputs' to avoid re-running this script phase.\necho \"SUCCESS\" > \"${SCRIPT_OUTPUT_FILE_0}\"\n";
			showEnvVarsInLog = 0;
		};
		3E57EFDACB8789CB7770BB4B /* [CP] Copy Pods Resources */ = {
			isa = PBXShellScriptBuildPhase;
			buildActionMask = 2147483647;
			files = (
			);
			inputFileListPaths = (
			);
			inputPaths = (
				"${PODS_ROOT}/Target Support Files/Pods-Nutriq/Pods-Nutriq-resources.sh",
				"${PODS_CONFIGURATION_BUILD_DIR}/FirebaseUI/FirebaseAnonymousAuthUI.bundle",
				"${PODS_CONFIGURATION_BUILD_DIR}/FirebaseUI/FirebaseAuthUI.bundle",
				"${PODS_CONFIGURATION_BUILD_DIR}/FirebaseUI/FirebaseEmailAuthUI.bundle",
				"${PODS_CONFIGURATION_BUILD_DIR}/FirebaseUI/FirebaseFacebookAuthUI.bundle",
				"${PODS_CONFIGURATION_BUILD_DIR}/FirebaseUI/FirebaseGoogleAuthUI.bundle",
				"${PODS_CONFIGURATION_BUILD_DIR}/FirebaseUI/FirebasePhoneAuthUI.bundle",
				"${PODS_CONFIGURATION_BUILD_DIR}/FirebaseUI/FirebaseTwitterAuthUI.bundle",
				"${PODS_ROOT}/GoogleSignIn/Resources/GoogleSignIn.bundle",
				"${PODS_ROOT}/TwitterKit/iOS/TwitterKit.framework/TwitterKitResources.bundle",
			);
			name = "[CP] Copy Pods Resources";
			outputFileListPaths = (
			);
			outputPaths = (
				"${TARGET_BUILD_DIR}/${UNLOCALIZED_RESOURCES_FOLDER_PATH}/FirebaseAnonymousAuthUI.bundle",
				"${TARGET_BUILD_DIR}/${UNLOCALIZED_RESOURCES_FOLDER_PATH}/FirebaseAuthUI.bundle",
				"${TARGET_BUILD_DIR}/${UNLOCALIZED_RESOURCES_FOLDER_PATH}/FirebaseEmailAuthUI.bundle",
				"${TARGET_BUILD_DIR}/${UNLOCALIZED_RESOURCES_FOLDER_PATH}/FirebaseFacebookAuthUI.bundle",
				"${TARGET_BUILD_DIR}/${UNLOCALIZED_RESOURCES_FOLDER_PATH}/FirebaseGoogleAuthUI.bundle",
				"${TARGET_BUILD_DIR}/${UNLOCALIZED_RESOURCES_FOLDER_PATH}/FirebasePhoneAuthUI.bundle",
				"${TARGET_BUILD_DIR}/${UNLOCALIZED_RESOURCES_FOLDER_PATH}/FirebaseTwitterAuthUI.bundle",
				"${TARGET_BUILD_DIR}/${UNLOCALIZED_RESOURCES_FOLDER_PATH}/GoogleSignIn.bundle",
				"${TARGET_BUILD_DIR}/${UNLOCALIZED_RESOURCES_FOLDER_PATH}/TwitterKitResources.bundle",
			);
			runOnlyForDeploymentPostprocessing = 0;
			shellPath = /bin/sh;
			shellScript = "\"${PODS_ROOT}/Target Support Files/Pods-Nutriq/Pods-Nutriq-resources.sh\"\n";
			showEnvVarsInLog = 0;
		};
		D24FA00628016873903E3489 /* [CP] Embed Pods Frameworks */ = {
			isa = PBXShellScriptBuildPhase;
			buildActionMask = 2147483647;
			files = (
			);
			inputFileListPaths = (
			);
			inputPaths = (
				"${PODS_ROOT}/Target Support Files/Pods-Nutriq/Pods-Nutriq-frameworks.sh",
				"${BUILT_PRODUCTS_DIR}/Bolts/Bolts.framework",
				"${BUILT_PRODUCTS_DIR}/BoringSSL-GRPC/openssl_grpc.framework",
				"${BUILT_PRODUCTS_DIR}/FBSDKCoreKit/FBSDKCoreKit.framework",
				"${BUILT_PRODUCTS_DIR}/FBSDKLoginKit/FBSDKLoginKit.framework",
				"${BUILT_PRODUCTS_DIR}/GTMSessionFetcher/GTMSessionFetcher.framework",
				"${BUILT_PRODUCTS_DIR}/GoogleToolboxForMac/GoogleToolboxForMac.framework",
				"${BUILT_PRODUCTS_DIR}/GoogleUtilities/GoogleUtilities.framework",
				"${BUILT_PRODUCTS_DIR}/Protobuf/Protobuf.framework",
				"${BUILT_PRODUCTS_DIR}/SDWebImage/SDWebImage.framework",
				"${PODS_ROOT}/TwitterCore/iOS/TwitterCore.framework",
				"${PODS_ROOT}/TwitterKit/iOS/TwitterKit.framework",
				"${BUILT_PRODUCTS_DIR}/gRPC-C++/grpcpp.framework",
				"${BUILT_PRODUCTS_DIR}/gRPC-Core/grpc.framework",
				"${BUILT_PRODUCTS_DIR}/leveldb-library/leveldb.framework",
				"${BUILT_PRODUCTS_DIR}/nanopb/nanopb.framework",
			);
			name = "[CP] Embed Pods Frameworks";
			outputFileListPaths = (
			);
			outputPaths = (
				"${TARGET_BUILD_DIR}/${FRAMEWORKS_FOLDER_PATH}/Bolts.framework",
				"${TARGET_BUILD_DIR}/${FRAMEWORKS_FOLDER_PATH}/openssl_grpc.framework",
				"${TARGET_BUILD_DIR}/${FRAMEWORKS_FOLDER_PATH}/FBSDKCoreKit.framework",
				"${TARGET_BUILD_DIR}/${FRAMEWORKS_FOLDER_PATH}/FBSDKLoginKit.framework",
				"${TARGET_BUILD_DIR}/${FRAMEWORKS_FOLDER_PATH}/GTMSessionFetcher.framework",
				"${TARGET_BUILD_DIR}/${FRAMEWORKS_FOLDER_PATH}/GoogleToolboxForMac.framework",
				"${TARGET_BUILD_DIR}/${FRAMEWORKS_FOLDER_PATH}/GoogleUtilities.framework",
				"${TARGET_BUILD_DIR}/${FRAMEWORKS_FOLDER_PATH}/Protobuf.framework",
				"${TARGET_BUILD_DIR}/${FRAMEWORKS_FOLDER_PATH}/SDWebImage.framework",
				"${TARGET_BUILD_DIR}/${FRAMEWORKS_FOLDER_PATH}/TwitterCore.framework",
				"${TARGET_BUILD_DIR}/${FRAMEWORKS_FOLDER_PATH}/TwitterKit.framework",
				"${TARGET_BUILD_DIR}/${FRAMEWORKS_FOLDER_PATH}/grpcpp.framework",
				"${TARGET_BUILD_DIR}/${FRAMEWORKS_FOLDER_PATH}/grpc.framework",
				"${TARGET_BUILD_DIR}/${FRAMEWORKS_FOLDER_PATH}/leveldb.framework",
				"${TARGET_BUILD_DIR}/${FRAMEWORKS_FOLDER_PATH}/nanopb.framework",
			);
			runOnlyForDeploymentPostprocessing = 0;
			shellPath = /bin/sh;
			shellScript = "\"${PODS_ROOT}/Target Support Files/Pods-Nutriq/Pods-Nutriq-frameworks.sh\"\n";
			showEnvVarsInLog = 0;
		};
/* End PBXShellScriptBuildPhase section */

/* Begin PBXSourcesBuildPhase section */
		6BAB13662260676200C5C5E3 /* Sources */ = {
			isa = PBXSourcesBuildPhase;
			buildActionMask = 2147483647;
			files = (
				27EDE5C722614579001C8A08 /* SignUpViewController.swift in Sources */,
				2792EEA12261B72C00F0AFB1 /* WelcomeViewController.swift in Sources */,
				27D1DE472267061F00733B39 /* GradientView.swift in Sources */,
				6B0A6CFD22701EB500571380 /* HomeViewController.swift in Sources */,
				27EDE5C5226141FB001C8A08 /* LoginViewController.swift in Sources */,
				27EDE5C9226146E8001C8A08 /* SurveyViewController.swift in Sources */,
				27D1DE4922670EB500733B39 /* ShadowButton.swift in Sources */,
				6BAB136E2260676200C5C5E3 /* AppDelegate.swift in Sources */,
			);
			runOnlyForDeploymentPostprocessing = 0;
		};
/* End PBXSourcesBuildPhase section */

/* Begin PBXVariantGroup section */
		6BAB13712260676200C5C5E3 /* Main.storyboard */ = {
			isa = PBXVariantGroup;
			children = (
				6BAB13722260676200C5C5E3 /* Base */,
			);
			name = Main.storyboard;
			sourceTree = "<group>";
		};
		6BAB13762260676300C5C5E3 /* LaunchScreen.storyboard */ = {
			isa = PBXVariantGroup;
			children = (
				6BAB13772260676300C5C5E3 /* Base */,
			);
			name = LaunchScreen.storyboard;
			sourceTree = "<group>";
		};
/* End PBXVariantGroup section */

/* Begin XCBuildConfiguration section */
		6BAB137A2260676300C5C5E3 /* Debug */ = {
			isa = XCBuildConfiguration;
			buildSettings = {
				ALWAYS_SEARCH_USER_PATHS = NO;
				CLANG_ANALYZER_NONNULL = YES;
				CLANG_ANALYZER_NUMBER_OBJECT_CONVERSION = YES_AGGRESSIVE;
				CLANG_CXX_LANGUAGE_STANDARD = "gnu++14";
				CLANG_CXX_LIBRARY = "libc++";
				CLANG_ENABLE_MODULES = YES;
				CLANG_ENABLE_OBJC_ARC = YES;
				CLANG_ENABLE_OBJC_WEAK = YES;
				CLANG_WARN_BLOCK_CAPTURE_AUTORELEASING = YES;
				CLANG_WARN_BOOL_CONVERSION = YES;
				CLANG_WARN_COMMA = YES;
				CLANG_WARN_CONSTANT_CONVERSION = YES;
				CLANG_WARN_DEPRECATED_OBJC_IMPLEMENTATIONS = YES;
				CLANG_WARN_DIRECT_OBJC_ISA_USAGE = YES_ERROR;
				CLANG_WARN_DOCUMENTATION_COMMENTS = YES;
				CLANG_WARN_EMPTY_BODY = YES;
				CLANG_WARN_ENUM_CONVERSION = YES;
				CLANG_WARN_INFINITE_RECURSION = YES;
				CLANG_WARN_INT_CONVERSION = YES;
				CLANG_WARN_NON_LITERAL_NULL_CONVERSION = YES;
				CLANG_WARN_OBJC_IMPLICIT_RETAIN_SELF = YES;
				CLANG_WARN_OBJC_LITERAL_CONVERSION = YES;
				CLANG_WARN_OBJC_ROOT_CLASS = YES_ERROR;
				CLANG_WARN_RANGE_LOOP_ANALYSIS = YES;
				CLANG_WARN_STRICT_PROTOTYPES = YES;
				CLANG_WARN_SUSPICIOUS_MOVE = YES;
				CLANG_WARN_UNGUARDED_AVAILABILITY = YES_AGGRESSIVE;
				CLANG_WARN_UNREACHABLE_CODE = YES;
				CLANG_WARN__DUPLICATE_METHOD_MATCH = YES;
				CODE_SIGN_IDENTITY = "iPhone Developer";
				COPY_PHASE_STRIP = NO;
				DEBUG_INFORMATION_FORMAT = dwarf;
				ENABLE_STRICT_OBJC_MSGSEND = YES;
				ENABLE_TESTABILITY = YES;
				GCC_C_LANGUAGE_STANDARD = gnu11;
				GCC_DYNAMIC_NO_PIC = NO;
				GCC_NO_COMMON_BLOCKS = YES;
				GCC_OPTIMIZATION_LEVEL = 0;
				GCC_PREPROCESSOR_DEFINITIONS = (
					"DEBUG=1",
					"$(inherited)",
				);
				GCC_WARN_64_TO_32_BIT_CONVERSION = YES;
				GCC_WARN_ABOUT_RETURN_TYPE = YES_ERROR;
				GCC_WARN_UNDECLARED_SELECTOR = YES;
				GCC_WARN_UNINITIALIZED_AUTOS = YES_AGGRESSIVE;
				GCC_WARN_UNUSED_FUNCTION = YES;
				GCC_WARN_UNUSED_VARIABLE = YES;
				IPHONEOS_DEPLOYMENT_TARGET = 12.2;
				MTL_ENABLE_DEBUG_INFO = INCLUDE_SOURCE;
				MTL_FAST_MATH = YES;
				ONLY_ACTIVE_ARCH = YES;
				SDKROOT = iphoneos;
				SWIFT_ACTIVE_COMPILATION_CONDITIONS = DEBUG;
				SWIFT_OPTIMIZATION_LEVEL = "-Onone";
			};
			name = Debug;
		};
		6BAB137B2260676300C5C5E3 /* Release */ = {
			isa = XCBuildConfiguration;
			buildSettings = {
				ALWAYS_SEARCH_USER_PATHS = NO;
				CLANG_ANALYZER_NONNULL = YES;
				CLANG_ANALYZER_NUMBER_OBJECT_CONVERSION = YES_AGGRESSIVE;
				CLANG_CXX_LANGUAGE_STANDARD = "gnu++14";
				CLANG_CXX_LIBRARY = "libc++";
				CLANG_ENABLE_MODULES = YES;
				CLANG_ENABLE_OBJC_ARC = YES;
				CLANG_ENABLE_OBJC_WEAK = YES;
				CLANG_WARN_BLOCK_CAPTURE_AUTORELEASING = YES;
				CLANG_WARN_BOOL_CONVERSION = YES;
				CLANG_WARN_COMMA = YES;
				CLANG_WARN_CONSTANT_CONVERSION = YES;
				CLANG_WARN_DEPRECATED_OBJC_IMPLEMENTATIONS = YES;
				CLANG_WARN_DIRECT_OBJC_ISA_USAGE = YES_ERROR;
				CLANG_WARN_DOCUMENTATION_COMMENTS = YES;
				CLANG_WARN_EMPTY_BODY = YES;
				CLANG_WARN_ENUM_CONVERSION = YES;
				CLANG_WARN_INFINITE_RECURSION = YES;
				CLANG_WARN_INT_CONVERSION = YES;
				CLANG_WARN_NON_LITERAL_NULL_CONVERSION = YES;
				CLANG_WARN_OBJC_IMPLICIT_RETAIN_SELF = YES;
				CLANG_WARN_OBJC_LITERAL_CONVERSION = YES;
				CLANG_WARN_OBJC_ROOT_CLASS = YES_ERROR;
				CLANG_WARN_RANGE_LOOP_ANALYSIS = YES;
				CLANG_WARN_STRICT_PROTOTYPES = YES;
				CLANG_WARN_SUSPICIOUS_MOVE = YES;
				CLANG_WARN_UNGUARDED_AVAILABILITY = YES_AGGRESSIVE;
				CLANG_WARN_UNREACHABLE_CODE = YES;
				CLANG_WARN__DUPLICATE_METHOD_MATCH = YES;
				CODE_SIGN_IDENTITY = "iPhone Developer";
				COPY_PHASE_STRIP = NO;
				DEBUG_INFORMATION_FORMAT = "dwarf-with-dsym";
				ENABLE_NS_ASSERTIONS = NO;
				ENABLE_STRICT_OBJC_MSGSEND = YES;
				GCC_C_LANGUAGE_STANDARD = gnu11;
				GCC_NO_COMMON_BLOCKS = YES;
				GCC_WARN_64_TO_32_BIT_CONVERSION = YES;
				GCC_WARN_ABOUT_RETURN_TYPE = YES_ERROR;
				GCC_WARN_UNDECLARED_SELECTOR = YES;
				GCC_WARN_UNINITIALIZED_AUTOS = YES_AGGRESSIVE;
				GCC_WARN_UNUSED_FUNCTION = YES;
				GCC_WARN_UNUSED_VARIABLE = YES;
				IPHONEOS_DEPLOYMENT_TARGET = 12.2;
				MTL_ENABLE_DEBUG_INFO = NO;
				MTL_FAST_MATH = YES;
				SDKROOT = iphoneos;
				SWIFT_COMPILATION_MODE = wholemodule;
				SWIFT_OPTIMIZATION_LEVEL = "-O";
				VALIDATE_PRODUCT = YES;
			};
			name = Release;
		};
		6BAB137D2260676300C5C5E3 /* Debug */ = {
			isa = XCBuildConfiguration;
			baseConfigurationReference = 466FBC2A3A36CA30F7C591C9 /* Pods-Nutriq.debug.xcconfig */;
			buildSettings = {
				ASSETCATALOG_COMPILER_APPICON_NAME = AppIcon;
				CODE_SIGN_STYLE = Automatic;
				DEVELOPMENT_TEAM = VQD57JJ22G;
				INFOPLIST_FILE = Nutriq/Info.plist;
				LD_RUNPATH_SEARCH_PATHS = (
					"$(inherited)",
					"@executable_path/Frameworks",
				);
				PRODUCT_BUNDLE_IDENTIFIER = codepath.Nutriq.Gertskis;
				PRODUCT_NAME = "$(TARGET_NAME)";
				SWIFT_VERSION = 5.0;
				TARGETED_DEVICE_FAMILY = "1,2";
			};
			name = Debug;
		};
		6BAB137E2260676300C5C5E3 /* Release */ = {
			isa = XCBuildConfiguration;
			baseConfigurationReference = 50398D06E5DEB649266F17C9 /* Pods-Nutriq.release.xcconfig */;
			buildSettings = {
				ASSETCATALOG_COMPILER_APPICON_NAME = AppIcon;
				CODE_SIGN_STYLE = Automatic;
				DEVELOPMENT_TEAM = VQD57JJ22G;
				INFOPLIST_FILE = Nutriq/Info.plist;
				LD_RUNPATH_SEARCH_PATHS = (
					"$(inherited)",
					"@executable_path/Frameworks",
				);
				PRODUCT_BUNDLE_IDENTIFIER = codepath.Nutriq.Gertskis;
				PRODUCT_NAME = "$(TARGET_NAME)";
				SWIFT_VERSION = 5.0;
				TARGETED_DEVICE_FAMILY = "1,2";
			};
			name = Release;
		};
/* End XCBuildConfiguration section */

/* Begin XCConfigurationList section */
		6BAB13652260676200C5C5E3 /* Build configuration list for PBXProject "Nutriq" */ = {
			isa = XCConfigurationList;
			buildConfigurations = (
				6BAB137A2260676300C5C5E3 /* Debug */,
				6BAB137B2260676300C5C5E3 /* Release */,
			);
			defaultConfigurationIsVisible = 0;
			defaultConfigurationName = Release;
		};
		6BAB137C2260676300C5C5E3 /* Build configuration list for PBXNativeTarget "Nutriq" */ = {
			isa = XCConfigurationList;
			buildConfigurations = (
				6BAB137D2260676300C5C5E3 /* Debug */,
				6BAB137E2260676300C5C5E3 /* Release */,
			);
			defaultConfigurationIsVisible = 0;
			defaultConfigurationName = Release;
		};
/* End XCConfigurationList section */
	};
	rootObject = 6BAB13622260676200C5C5E3 /* Project object */;
}
